
Microsoft Visual Studio Solution File, Format Version 12.00
# Visual Studio Version 16
VisualStudioVersion = 16.0.32228.343
MinimumVisualStudioVersion = 10.0.40219.1
Project("{FAE04EC0-301F-11D3-BF4B-00C04F79EFBC}") = "Asignment_Recursion", "Asignment_Recursion\Asignment_Recursion.csproj", "{BD4D48C6-8D79-4807-A588-06F1C82D8C9B}"
EndProject
Global
	GlobalSection(SolutionConfigurationPlatforms) = preSolution
		Debug|Any CPU = Debug|Any CPU
		Release|Any CPU = Release|Any CPU
	EndGlobalSection
	GlobalSection(ProjectConfigurationPlatforms) = postSolution
		{BD4D48C6-8D79-4807-A588-06F1C82D8C9B}.Debug|Any CPU.ActiveCfg = Debug|Any CPU
		{BD4D48C6-8D79-4807-A588-06F1C82D8C9B}.Debug|Any CPU.Build.0 = Debug|Any CPU
		{BD4D48C6-8D79-4807-A588-06F1C82D8C9B}.Release|Any CPU.ActiveCfg = Release|Any CPU
		{BD4D48C6-8D79-4807-A588-06F1C82D8C9B}.Release|Any CPU.Build.0 = Release|Any CPU
	EndGlobalSection
	GlobalSection(SolutionProperties) = preSolution
		HideSolutionNode = FALSE
	EndGlobalSection
	GlobalSection(ExtensibilityGlobals) = postSolution
		SolutionGuid = {9E378C94-B3D0-4C18-9163-33E788181B81}
	EndGlobalSection
EndGlobal
